
Microsoft Visual Studio Solution File, Format Version 12.00
# Visual Studio Version 16
VisualStudioVersion = 16.0.29306.81
MinimumVisualStudioVersion = 10.0.40219.1
Project("{8BC9CEB8-8B4A-11D0-8D11-00A0C91BC942}") = "tetris", "tetris\tetris.vcxproj", "{259F08A6-68DB-4E1B-A9AA-7118075EA3ED}"
EndProject
Global
	GlobalSection(SolutionConfigurationPlatforms) = preSolution
		Debug|x64 = Debug|x64
		Debug|x86 = Debug|x86
		Release|x64 = Release|x64
		Release|x86 = Release|x86
	EndGlobalSection
	GlobalSection(ProjectConfigurationPlatforms) = postSolution
		{259F08A6-68DB-4E1B-A9AA-7118075EA3ED}.Debug|x64.ActiveCfg = Debug|x64
		{259F08A6-68DB-4E1B-A9AA-7118075EA3ED}.Debug|x64.Build.0 = Debug|x64
		{259F08A6-68DB-4E1B-A9AA-7118075EA3ED}.Debug|x86.ActiveCfg = Debug|Win32
		{259F08A6-68DB-4E1B-A9AA-7118075EA3ED}.Debug|x86.Build.0 = Debug|Win32
		{259F08A6-68DB-4E1B-A9AA-7118075EA3ED}.Release|x64.ActiveCfg = Release|x64
		{259F08A6-68DB-4E1B-A9AA-7118075EA3ED}.Release|x64.Build.0 = Release|x64
		{259F08A6-68DB-4E1B-A9AA-7118075EA3ED}.Release|x86.ActiveCfg = Release|Win32
		{259F08A6-68DB-4E1B-A9AA-7118075EA3ED}.Release|x86.Build.0 = Release|Win32
	EndGlobalSection
	GlobalSection(SolutionProperties) = preSolution
		HideSolutionNode = FALSE
	EndGlobalSection
	GlobalSection(ExtensibilityGlobals) = postSolution
		SolutionGuid = {6EA090BA-2A23-487E-8FD6-67DBB115E91A}
	EndGlobalSection
EndGlobal
