
Microsoft Visual Studio Solution File, Format Version 12.00
# Visual Studio Version 16
VisualStudioVersion = 16.0.29306.81
MinimumVisualStudioVersion = 10.0.40219.1
Project("{8BC9CEB8-8B4A-11D0-8D11-00A0C91BC942}") = "vector", "vector\vector.vcxproj", "{44967F26-A082-49D7-9F5A-A2A91408CF9C}"
EndProject
Global
	GlobalSection(SolutionConfigurationPlatforms) = preSolution
		Debug|x64 = Debug|x64
		Debug|x86 = Debug|x86
		Release|x64 = Release|x64
		Release|x86 = Release|x86
	EndGlobalSection
	GlobalSection(ProjectConfigurationPlatforms) = postSolution
		{44967F26-A082-49D7-9F5A-A2A91408CF9C}.Debug|x64.ActiveCfg = Debug|x64
		{44967F26-A082-49D7-9F5A-A2A91408CF9C}.Debug|x64.Build.0 = Debug|x64
		{44967F26-A082-49D7-9F5A-A2A91408CF9C}.Debug|x86.ActiveCfg = Debug|Win32
		{44967F26-A082-49D7-9F5A-A2A91408CF9C}.Debug|x86.Build.0 = Debug|Win32
		{44967F26-A082-49D7-9F5A-A2A91408CF9C}.Release|x64.ActiveCfg = Release|x64
		{44967F26-A082-49D7-9F5A-A2A91408CF9C}.Release|x64.Build.0 = Release|x64
		{44967F26-A082-49D7-9F5A-A2A91408CF9C}.Release|x86.ActiveCfg = Release|Win32
		{44967F26-A082-49D7-9F5A-A2A91408CF9C}.Release|x86.Build.0 = Release|Win32
	EndGlobalSection
	GlobalSection(SolutionProperties) = preSolution
		HideSolutionNode = FALSE
	EndGlobalSection
	GlobalSection(ExtensibilityGlobals) = postSolution
		SolutionGuid = {CA45170B-B488-464F-BA79-C696CBE00ABE}
	EndGlobalSection
EndGlobal
